// !$*UTF8*$!
{
	archiveVersion = 1;
	classes = {
	};
	objectVersion = 46;
	objects = {

/* Begin PBXBuildFile section */
		4368C12E1F3AD3A800910062 /* main.m in Sources */ = {isa = PBXBuildFile; fileRef = 4368C12D1F3AD3A800910062 /* main.m */; };
		4368C1311F3AD3A800910062 /* AppDelegate.m in Sources */ = {isa = PBXBuildFile; fileRef = 4368C1301F3AD3A800910062 /* AppDelegate.m */; };
		4368C1341F3AD3A800910062 /* ViewController.m in Sources */ = {isa = PBXBuildFile; fileRef = 4368C1331F3AD3A800910062 /* ViewController.m */; };
		4368C1371F3AD3A800910062 /* Main.storyboard in Resources */ = {isa = PBXBuildFile; fileRef = 4368C1351F3AD3A800910062 /* Main.storyboard */; };
		4368C1391F3AD3A800910062 /* Assets.xcassets in Resources */ = {isa = PBXBuildFile; fileRef = 4368C1381F3AD3A800910062 /* Assets.xcassets */; };
		4368C13C1F3AD3A800910062 /* LaunchScreen.storyboard in Resources */ = {isa = PBXBuildFile; fileRef = 4368C13A1F3AD3A800910062 /* LaunchScreen.storyboard */; };
		4368C1471F3AD3A800910062 /* XiaoyanYextTests.m in Sources */ = {isa = PBXBuildFile; fileRef = 4368C1461F3AD3A800910062 /* XiaoyanYextTests.m */; };
		4368C1521F3AD3A800910062 /* XiaoyanYextUITests.m in Sources */ = {isa = PBXBuildFile; fileRef = 4368C1511F3AD3A800910062 /* XiaoyanYextUITests.m */; };
/* End PBXBuildFile section */

/* Begin PBXContainerItemProxy section */
		4368C1431F3AD3A800910062 /* PBXContainerItemProxy */ = {
			isa = PBXContainerItemProxy;
			containerPortal = 4368C1211F3AD3A800910062 /* Project object */;
			proxyType = 1;
			remoteGlobalIDString = 4368C1281F3AD3A800910062;
			remoteInfo = XiaoyanYext;
		};
		4368C14E1F3AD3A800910062 /* PBXContainerItemProxy */ = {
			isa = PBXContainerItemProxy;
			containerPortal = 4368C1211F3AD3A800910062 /* Project object */;
			proxyType = 1;
			remoteGlobalIDString = 4368C1281F3AD3A800910062;
			remoteInfo = XiaoyanYext;
		};
/* End PBXContainerItemProxy section */

/* Begin PBXFileReference section */
		4368C1291F3AD3A800910062 /* XiaoyanYext.app */ = {isa = PBXFileReference; explicitFileType = wrapper.application; includeInIndex = 0; path = XiaoyanYext.app; sourceTree = BUILT_PRODUCTS_DIR; };
		4368C12D1F3AD3A800910062 /* main.m */ = {isa = PBXFileReference; lastKnownFileType = sourcecode.c.objc; path = main.m; sourceTree = "<group>"; };
		4368C12F1F3AD3A800910062 /* AppDelegate.h */ = {isa = PBXFileReference; lastKnownFileType = sourcecode.c.h; path = AppDelegate.h; sourceTree = "<group>"; };
		4368C1301F3AD3A800910062 /* AppDelegate.m */ = {isa = PBXFileReference; lastKnownFileType = sourcecode.c.objc; path = AppDelegate.m; sourceTree = "<group>"; };
		4368C1321F3AD3A800910062 /* ViewController.h */ = {isa = PBXFileReference; lastKnownFileType = sourcecode.c.h; path = ViewController.h; sourceTree = "<group>"; };
		4368C1331F3AD3A800910062 /* ViewController.m */ = {isa = PBXFileReference; lastKnownFileType = sourcecode.c.objc; path = ViewController.m; sourceTree = "<group>"; };
		4368C1361F3AD3A800910062 /* Base */ = {isa = PBXFileReference; lastKnownFileType = file.storyboard; name = Base; path = Base.lproj/Main.storyboard; sourceTree = "<group>"; };
		4368C1381F3AD3A800910062 /* Assets.xcassets */ = {isa = PBXFileReference; lastKnownFileType = folder.assetcatalog; path = Assets.xcassets; sourceTree = "<group>"; };
		4368C13B1F3AD3A800910062 /* Base */ = {isa = PBXFileReference; lastKnownFileType = file.storyboard; name = Base; path = Base.lproj/LaunchScreen.storyboard; sourceTree = "<group>"; };
		4368C13D1F3AD3A800910062 /* Info.plist */ = {isa = PBXFileReference; lastKnownFileType = text.plist.xml; path = Info.plist; sourceTree = "<group>"; };
		4368C1421F3AD3A800910062 /* XiaoyanYextTests.xctest */ = {isa = PBXFileReference; explicitFileType = wrapper.cfbundle; includeInIndex = 0; path = XiaoyanYextTests.xctest; sourceTree = BUILT_PRODUCTS_DIR; };
		4368C1461F3AD3A800910062 /* XiaoyanYextTests.m */ = {isa = PBXFileReference; lastKnownFileType = sourcecode.c.objc; path = XiaoyanYextTests.m; sourceTree = "<group>"; };
		4368C1481F3AD3A800910062 /* Info.plist */ = {isa = PBXFileReference; lastKnownFileType = text.plist.xml; path = Info.plist; sourceTree = "<group>"; };
		4368C14D1F3AD3A800910062 /* XiaoyanYextUITests.xctest */ = {isa = PBXFileReference; explicitFileType = wrapper.cfbundle; includeInIndex = 0; path = XiaoyanYextUITests.xctest; sourceTree = BUILT_PRODUCTS_DIR; };
		4368C1511F3AD3A800910062 /* XiaoyanYextUITests.m */ = {isa = PBXFileReference; lastKnownFileType = sourcecode.c.objc; path = XiaoyanYextUITests.m; sourceTree = "<group>"; };
		4368C1531F3AD3A800910062 /* Info.plist */ = {isa = PBXFileReference; lastKnownFileType = text.plist.xml; path = Info.plist; sourceTree = "<group>"; };
/* End PBXFileReference section */

/* Begin PBXFrameworksBuildPhase section */
		4368C1261F3AD3A800910062 /* Frameworks */ = {
			isa = PBXFrameworksBuildPhase;
			buildActionMask = 2147483647;
			files = (
			);
			runOnlyForDeploymentPostprocessing = 0;
		};
		4368C13F1F3AD3A800910062 /* Frameworks */ = {
			isa = PBXFrameworksBuildPhase;
			buildActionMask = 2147483647;
			files = (
			);
			runOnlyForDeploymentPostprocessing = 0;
		};
		4368C14A1F3AD3A800910062 /* Frameworks */ = {
			isa = PBXFrameworksBuildPhase;
			buildActionMask = 2147483647;
			files = (
			);
			runOnlyForDeploymentPostprocessing = 0;
		};
/* End PBXFrameworksBuildPhase section */

/* Begin PBXGroup section */
		4368C1201F3AD3A800910062 = {
			isa = PBXGroup;
			children = (
				4368C12B1F3AD3A800910062 /* XiaoyanYext */,
				4368C1451F3AD3A800910062 /* XiaoyanYextTests */,
				4368C1501F3AD3A800910062 /* XiaoyanYextUITests */,
				4368C12A1F3AD3A800910062 /* Products */,
			);
			sourceTree = "<group>";
		};
		4368C12A1F3AD3A800910062 /* Products */ = {
			isa = PBXGroup;
			children = (
				4368C1291F3AD3A800910062 /* XiaoyanYext.app */,
				4368C1421F3AD3A800910062 /* XiaoyanYextTests.xctest */,
				4368C14D1F3AD3A800910062 /* XiaoyanYextUITests.xctest */,
			);
			name = Products;
			sourceTree = "<group>";
		};
		4368C12B1F3AD3A800910062 /* XiaoyanYext */ = {
			isa = PBXGroup;
			children = (
				4368C12F1F3AD3A800910062 /* AppDelegate.h */,
				4368C1301F3AD3A800910062 /* AppDelegate.m */,
				4368C1321F3AD3A800910062 /* ViewController.h */,
				4368C1331F3AD3A800910062 /* ViewController.m */,
				4368C1351F3AD3A800910062 /* Main.storyboard */,
				4368C1381F3AD3A800910062 /* Assets.xcassets */,
				4368C13A1F3AD3A800910062 /* LaunchScreen.storyboard */,
				4368C13D1F3AD3A800910062 /* Info.plist */,
				4368C12C1F3AD3A800910062 /* Supporting Files */,
			);
			path = XiaoyanYext;
			sourceTree = "<group>";
		};
		4368C12C1F3AD3A800910062 /* Supporting Files */ = {
			isa = PBXGroup;
			children = (
				4368C12D1F3AD3A800910062 /* main.m */,
			);
			name = "Supporting Files";
			sourceTree = "<group>";
		};
		4368C1451F3AD3A800910062 /* XiaoyanYextTests */ = {
			isa = PBXGroup;
			children = (
				4368C1461F3AD3A800910062 /* XiaoyanYextTests.m */,
				4368C1481F3AD3A800910062 /* Info.plist */,
			);
			path = XiaoyanYextTests;
			sourceTree = "<group>";
		};
		4368C1501F3AD3A800910062 /* XiaoyanYextUITests */ = {
			isa = PBXGroup;
			children = (
				4368C1511F3AD3A800910062 /* XiaoyanYextUITests.m */,
				4368C1531F3AD3A800910062 /* Info.plist */,
			);
			path = XiaoyanYextUITests;
			sourceTree = "<group>";
		};
/* End PBXGroup section */

/* Begin PBXNativeTarget section */
		4368C1281F3AD3A800910062 /* XiaoyanYext */ = {
			isa = PBXNativeTarget;
			buildConfigurationList = 4368C1561F3AD3A800910062 /* Build configuration list for PBXNativeTarget "XiaoyanYext" */;
			buildPhases = (
				4368C1251F3AD3A800910062 /* Sources */,
				4368C1261F3AD3A800910062 /* Frameworks */,
				4368C1271F3AD3A800910062 /* Resources */,
			);
			buildRules = (
			);
			dependencies = (
			);
			name = XiaoyanYext;
			productName = XiaoyanYext;
			productReference = 4368C1291F3AD3A800910062 /* XiaoyanYext.app */;
			productType = "com.apple.product-type.application";
		};
		4368C1411F3AD3A800910062 /* XiaoyanYextTests */ = {
			isa = PBXNativeTarget;
			buildConfigurationList = 4368C1591F3AD3A800910062 /* Build configuration list for PBXNativeTarget "XiaoyanYextTests" */;
			buildPhases = (
				4368C13E1F3AD3A800910062 /* Sources */,
				4368C13F1F3AD3A800910062 /* Frameworks */,
				4368C1401F3AD3A800910062 /* Resources */,
			);
			buildRules = (
			);
			dependencies = (
				4368C1441F3AD3A800910062 /* PBXTargetDependency */,
			);
			name = XiaoyanYextTests;
			productName = XiaoyanYextTests;
			productReference = 4368C1421F3AD3A800910062 /* XiaoyanYextTests.xctest */;
			productType = "com.apple.product-type.bundle.unit-test";
		};
		4368C14C1F3AD3A800910062 /* XiaoyanYextUITests */ = {
			isa = PBXNativeTarget;
			buildConfigurationList = 4368C15C1F3AD3A800910062 /* Build configuration list for PBXNativeTarget "XiaoyanYextUITests" */;
			buildPhases = (
				4368C1491F3AD3A800910062 /* Sources */,
				4368C14A1F3AD3A800910062 /* Frameworks */,
				4368C14B1F3AD3A800910062 /* Resources */,
			);
			buildRules = (
			);
			dependencies = (
				4368C14F1F3AD3A800910062 /* PBXTargetDependency */,
			);
			name = XiaoyanYextUITests;
			productName = XiaoyanYextUITests;
			productReference = 4368C14D1F3AD3A800910062 /* XiaoyanYextUITests.xctest */;
			productType = "com.apple.product-type.bundle.ui-testing";
		};
/* End PBXNativeTarget section */

/* Begin PBXProject section */
		4368C1211F3AD3A800910062 /* Project object */ = {
			isa = PBXProject;
			attributes = {
				LastUpgradeCheck = 0830;
				ORGANIZATIONNAME = benjamintext;
				TargetAttributes = {
					4368C1281F3AD3A800910062 = {
						CreatedOnToolsVersion = 8.3.3;
						DevelopmentTeam = Z9Y3VABC6Y;
						ProvisioningStyle = Automatic;
					};
					4368C1411F3AD3A800910062 = {
						CreatedOnToolsVersion = 8.3.3;
						DevelopmentTeam = Z9Y3VABC6Y;
						ProvisioningStyle = Automatic;
						TestTargetID = 4368C1281F3AD3A800910062;
					};
					4368C14C1F3AD3A800910062 = {
						CreatedOnToolsVersion = 8.3.3;
						DevelopmentTeam = Z9Y3VABC6Y;
						ProvisioningStyle = Automatic;
						TestTargetID = 4368C1281F3AD3A800910062;
					};
				};
			};
			buildConfigurationList = 4368C1241F3AD3A800910062 /* Build configuration list for PBXProject "XiaoyanYext" */;
			compatibilityVersion = "Xcode 3.2";
			developmentRegion = English;
			hasScannedForEncodings = 0;
			knownRegions = (
				en,
				Base,
			);
			mainGroup = 4368C1201F3AD3A800910062;
			productRefGroup = 4368C12A1F3AD3A800910062 /* Products */;
			projectDirPath = "";
			projectRoot = "";
			targets = (
				4368C1281F3AD3A800910062 /* XiaoyanYext */,
				4368C1411F3AD3A800910062 /* XiaoyanYextTests */,
				4368C14C1F3AD3A800910062 /* XiaoyanYextUITests */,
			);
		};
/* End PBXProject section */

/* Begin PBXResourcesBuildPhase section */
		4368C1271F3AD3A800910062 /* Resources */ = {
			isa = PBXResourcesBuildPhase;
			buildActionMask = 2147483647;
			files = (
				4368C13C1F3AD3A800910062 /* LaunchScreen.storyboard in Resources */,
				4368C1391F3AD3A800910062 /* Assets.xcassets in Resources */,
				4368C1371F3AD3A800910062 /* Main.storyboard in Resources */,
			);
			runOnlyForDeploymentPostprocessing = 0;
		};
		4368C1401F3AD3A800910062 /* Resources */ = {
			isa = PBXResourcesBuildPhase;
			buildActionMask = 2147483647;
			files = (
			);
			runOnlyForDeploymentPostprocessing = 0;
		};
		4368C14B1F3AD3A800910062 /* Resources */ = {
			isa = PBXResourcesBuildPhase;
			buildActionMask = 2147483647;
			files = (
			);
			runOnlyForDeploymentPostprocessing = 0;
		};
/* End PBXResourcesBuildPhase section */

/* Begin PBXSourcesBuildPhase section */
		4368C1251F3AD3A800910062 /* Sources */ = {
			isa = PBXSourcesBuildPhase;
			buildActionMask = 2147483647;
			files = (
				4368C1341F3AD3A800910062 /* ViewController.m in Sources */,
				4368C1311F3AD3A800910062 /* AppDelegate.m in Sources */,
				4368C12E1F3AD3A800910062 /* main.m in Sources */,
			);
			runOnlyForDeploymentPostprocessing = 0;
		};
		4368C13E1F3AD3A800910062 /* Sources */ = {
			isa = PBXSourcesBuildPhase;
			buildActionMask = 2147483647;
			files = (
				4368C1471F3AD3A800910062 /* XiaoyanYextTests.m in Sources */,
			);
			runOnlyForDeploymentPostprocessing = 0;
		};
		4368C1491F3AD3A800910062 /* Sources */ = {
			isa = PBXSourcesBuildPhase;
			buildActionMask = 2147483647;
			files = (
				4368C1521F3AD3A800910062 /* XiaoyanYextUITests.m in Sources */,
			);
			runOnlyForDeploymentPostprocessing = 0;
		};
/* End PBXSourcesBuildPhase section */

/* Begin PBXTargetDependency section */
		4368C1441F3AD3A800910062 /* PBXTargetDependency */ = {
			isa = PBXTargetDependency;
			target = 4368C1281F3AD3A800910062 /* XiaoyanYext */;
			targetProxy = 4368C1431F3AD3A800910062 /* PBXContainerItemProxy */;
		};
		4368C14F1F3AD3A800910062 /* PBXTargetDependency */ = {
			isa = PBXTargetDependency;
			target = 4368C1281F3AD3A800910062 /* XiaoyanYext */;
			targetProxy = 4368C14E1F3AD3A800910062 /* PBXContainerItemProxy */;
		};
/* End PBXTargetDependency section */

/* Begin PBXVariantGroup section */
		4368C1351F3AD3A800910062 /* Main.storyboard */ = {
			isa = PBXVariantGroup;
			children = (
				4368C1361F3AD3A800910062 /* Base */,
			);
			name = Main.storyboard;
			sourceTree = "<group>";
		};
		4368C13A1F3AD3A800910062 /* LaunchScreen.storyboard */ = {
			isa = PBXVariantGroup;
			children = (
				4368C13B1F3AD3A800910062 /* Base */,
			);
			name = LaunchScreen.storyboard;
			sourceTree = "<group>";
		};
/* End PBXVariantGroup section */

/* Begin XCBuildConfiguration section */
		4368C1541F3AD3A800910062 /* Debug */ = {
			isa = XCBuildConfiguration;
			buildSettings = {
				ALWAYS_SEARCH_USER_PATHS = NO;
				CLANG_ANALYZER_NONNULL = YES;
				CLANG_ANALYZER_NUMBER_OBJECT_CONVERSION = YES_AGGRESSIVE;
				CLANG_CXX_LANGUAGE_STANDARD = "gnu++0x";
				CLANG_CXX_LIBRARY = "libc++";
				CLANG_ENABLE_MODULES = YES;
				CLANG_ENABLE_OBJC_ARC = YES;
				CLANG_WARN_BOOL_CONVERSION = YES;
				CLANG_WARN_CONSTANT_CONVERSION = YES;
				CLANG_WARN_DIRECT_OBJC_ISA_USAGE = YES_ERROR;
				CLANG_WARN_DOCUMENTATION_COMMENTS = YES;
				CLANG_WARN_EMPTY_BODY = YES;
				CLANG_WARN_ENUM_CONVERSION = YES;
				CLANG_WARN_INFINITE_RECURSION = YES;
				CLANG_WARN_INT_CONVERSION = YES;
				CLANG_WARN_OBJC_ROOT_CLASS = YES_ERROR;
				CLANG_WARN_SUSPICIOUS_MOVE = YES;
				CLANG_WARN_UNREACHABLE_CODE = YES;
				CLANG_WARN__DUPLICATE_METHOD_MATCH = YES;
				"CODE_SIGN_IDENTITY[sdk=iphoneos*]" = "iPhone Developer";
				COPY_PHASE_STRIP = NO;
				DEBUG_INFORMATION_FORMAT = dwarf;
				ENABLE_STRICT_OBJC_MSGSEND = YES;
				ENABLE_TESTABILITY = YES;
				GCC_C_LANGUAGE_STANDARD = gnu99;
				GCC_DYNAMIC_NO_PIC = NO;
				GCC_NO_COMMON_BLOCKS = YES;
				GCC_OPTIMIZATION_LEVEL = 0;
				GCC_PREPROCESSOR_DEFINITIONS = (
					"DEBUG=1",
					"$(inherited)",
				);
				GCC_WARN_64_TO_32_BIT_CONVERSION = YES;
				GCC_WARN_ABOUT_RETURN_TYPE = YES_ERROR;
				GCC_WARN_UNDECLARED_SELECTOR = YES;
				GCC_WARN_UNINITIALIZED_AUTOS = YES_AGGRESSIVE;
				GCC_WARN_UNUSED_FUNCTION = YES;
				GCC_WARN_UNUSED_VARIABLE = YES;
				IPHONEOS_DEPLOYMENT_TARGET = 10.3;
				MTL_ENABLE_DEBUG_INFO = YES;
				ONLY_ACTIVE_ARCH = YES;
				SDKROOT = iphoneos;
			};
			name = Debug;
		};
		4368C1551F3AD3A800910062 /* Release */ = {
			isa = XCBuildConfiguration;
			buildSettings = {
				ALWAYS_SEARCH_USER_PATHS = NO;
				CLANG_ANALYZER_NONNULL = YES;
				CLANG_ANALYZER_NUMBER_OBJECT_CONVERSION = YES_AGGRESSIVE;
				CLANG_CXX_LANGUAGE_STANDARD = "gnu++0x";
				CLANG_CXX_LIBRARY = "libc++";
				CLANG_ENABLE_MODULES = YES;
				CLANG_ENABLE_OBJC_ARC = YES;
				CLANG_WARN_BOOL_CONVERSION = YES;
				CLANG_WARN_CONSTANT_CONVERSION = YES;
				CLANG_WARN_DIRECT_OBJC_ISA_USAGE = YES_ERROR;
				CLANG_WARN_DOCUMENTATION_COMMENTS = YES;
				CLANG_WARN_EMPTY_BODY = YES;
				CLANG_WARN_ENUM_CONVERSION = YES;
				CLANG_WARN_INFINITE_RECURSION = YES;
				CLANG_WARN_INT_CONVERSION = YES;
				CLANG_WARN_OBJC_ROOT_CLASS = YES_ERROR;
				CLANG_WARN_SUSPICIOUS_MOVE = YES;
				CLANG_WARN_UNREACHABLE_CODE = YES;
				CLANG_WARN__DUPLICATE_METHOD_MATCH = YES;
				"CODE_SIGN_IDENTITY[sdk=iphoneos*]" = "iPhone Developer";
				COPY_PHASE_STRIP = NO;
				DEBUG_INFORMATION_FORMAT = "dwarf-with-dsym";
				ENABLE_NS_ASSERTIONS = NO;
				ENABLE_STRICT_OBJC_MSGSEND = YES;
				GCC_C_LANGUAGE_STANDARD = gnu99;
				GCC_NO_COMMON_BLOCKS = YES;
				GCC_WARN_64_TO_32_BIT_CONVERSION = YES;
				GCC_WARN_ABOUT_RETURN_TYPE = YES_ERROR;
				GCC_WARN_UNDECLARED_SELECTOR = YES;
				GCC_WARN_UNINITIALIZED_AUTOS = YES_AGGRESSIVE;
				GCC_WARN_UNUSED_FUNCTION = YES;
				GCC_WARN_UNUSED_VARIABLE = YES;
				IPHONEOS_DEPLOYMENT_TARGET = 10.3;
				MTL_ENABLE_DEBUG_INFO = NO;
				SDKROOT = iphoneos;
				VALIDATE_PRODUCT = YES;
			};
			name = Release;
		};
		4368C1571F3AD3A800910062 /* Debug */ = {
			isa = XCBuildConfiguration;
			buildSettings = {
				ASSETCATALOG_COMPILER_APPICON_NAME = AppIcon;
				DEVELOPMENT_TEAM = Z9Y3VABC6Y;
				INFOPLIST_FILE = XiaoyanYext/Info.plist;
				LD_RUNPATH_SEARCH_PATHS = "$(inherited) @executable_path/Frameworks";
				PRODUCT_BUNDLE_IDENTIFIER = benjamintext.XiaoyanYext;
				PRODUCT_NAME = "$(TARGET_NAME)";
			};
			name = Debug;
		};
		4368C1581F3AD3A800910062 /* Release */ = {
			isa = XCBuildConfiguration;
			buildSettings = {
				ASSETCATALOG_COMPILER_APPICON_NAME = AppIcon;
				DEVELOPMENT_TEAM = Z9Y3VABC6Y;
				INFOPLIST_FILE = XiaoyanYext/Info.plist;
				LD_RUNPATH_SEARCH_PATHS = "$(inherited) @executable_path/Frameworks";
				PRODUCT_BUNDLE_IDENTIFIER = benjamintext.XiaoyanYext;
				PRODUCT_NAME = "$(TARGET_NAME)";
			};
			name = Release;
		};
		4368C15A1F3AD3A800910062 /* Debug */ = {
			isa = XCBuildConfiguration;
			buildSettings = {
				BUNDLE_LOADER = "$(TEST_HOST)";
				DEVELOPMENT_TEAM = Z9Y3VABC6Y;
				INFOPLIST_FILE = XiaoyanYextTests/Info.plist;
				LD_RUNPATH_SEARCH_PATHS = "$(inherited) @executable_path/Frameworks @loader_path/Frameworks";
				PRODUCT_BUNDLE_IDENTIFIER = benjamintext.XiaoyanYextTests;
				PRODUCT_NAME = "$(TARGET_NAME)";
				TEST_HOST = "$(BUILT_PRODUCTS_DIR)/XiaoyanYext.app/XiaoyanYext";
			};
			name = Debug;
		};
		4368C15B1F3AD3A800910062 /* Release */ = {
			isa = XCBuildConfiguration;
			buildSettings = {
				BUNDLE_LOADER = "$(TEST_HOST)";
				DEVELOPMENT_TEAM = Z9Y3VABC6Y;
				INFOPLIST_FILE = XiaoyanYextTests/Info.plist;
				LD_RUNPATH_SEARCH_PATHS = "$(inherited) @executable_path/Frameworks @loader_path/Frameworks";
				PRODUCT_BUNDLE_IDENTIFIER = benjamintext.XiaoyanYextTests;
				PRODUCT_NAME = "$(TARGET_NAME)";
				TEST_HOST = "$(BUILT_PRODUCTS_DIR)/XiaoyanYext.app/XiaoyanYext";
			};
			name = Release;
		};
		4368C15D1F3AD3A800910062 /* Debug */ = {
			isa = XCBuildConfiguration;
			buildSettings = {
				DEVELOPMENT_TEAM = Z9Y3VABC6Y;
				INFOPLIST_FILE = XiaoyanYextUITests/Info.plist;
				LD_RUNPATH_SEARCH_PATHS = "$(inherited) @executable_path/Frameworks @loader_path/Frameworks";
				PRODUCT_BUNDLE_IDENTIFIER = benjamintext.XiaoyanYextUITests;
				PRODUCT_NAME = "$(TARGET_NAME)";
				TEST_TARGET_NAME = XiaoyanYext;
			};
			name = Debug;
		};
		4368C15E1F3AD3A800910062 /* Release */ = {
			isa = XCBuildConfiguration;
			buildSettings = {
				DEVELOPMENT_TEAM = Z9Y3VABC6Y;
				INFOPLIST_FILE = XiaoyanYextUITests/Info.plist;
				LD_RUNPATH_SEARCH_PATHS = "$(inherited) @executable_path/Frameworks @loader_path/Frameworks";
				PRODUCT_BUNDLE_IDENTIFIER = benjamintext.XiaoyanYextUITests;
				PRODUCT_NAME = "$(TARGET_NAME)";
				TEST_TARGET_NAME = XiaoyanYext;
			};
			name = Release;
		};
/* End XCBuildConfiguration section */

/* Begin XCConfigurationList section */
		4368C1241F3AD3A800910062 /* Build configuration list for PBXProject "XiaoyanYext" */ = {
			isa = XCConfigurationList;
			buildConfigurations = (
				4368C1541F3AD3A800910062 /* Debug */,
				4368C1551F3AD3A800910062 /* Release */,
			);
			defaultConfigurationIsVisible = 0;
			defaultConfigurationName = Release;
		};
		4368C1561F3AD3A800910062 /* Build configuration list for PBXNativeTarget "XiaoyanYext" */ = {
			isa = XCConfigurationList;
			buildConfigurations = (
				4368C1571F3AD3A800910062 /* Debug */,
				4368C1581F3AD3A800910062 /* Release */,
			);
			defaultConfigurationIsVisible = 0;
		};
		4368C1591F3AD3A800910062 /* Build configuration list for PBXNativeTarget "XiaoyanYextTests" */ = {
			isa = XCConfigurationList;
			buildConfigurations = (
				4368C15A1F3AD3A800910062 /* Debug */,
				4368C15B1F3AD3A800910062 /* Release */,
			);
			defaultConfigurationIsVisible = 0;
		};
		4368C15C1F3AD3A800910062 /* Build configuration list for PBXNativeTarget "XiaoyanYextUITests" */ = {
			isa = XCConfigurationList;
			buildConfigurations = (
				4368C15D1F3AD3A800910062 /* Debug */,
				4368C15E1F3AD3A800910062 /* Release */,
			);
			defaultConfigurationIsVisible = 0;
		};
/* End XCConfigurationList section */
	};
	rootObject = 4368C1211F3AD3A800910062 /* Project object */;
}
